// !$*UTF8*$!
{
	archiveVersion = 1;
	classes = {
	};
	objectVersion = 48;
	objects = {

/* Begin PBXBuildFile section */
		A68CF2C02228A62E00B37801 /* AppDelegate.swift in Sources */ = {isa = PBXBuildFile; fileRef = A68CF2BF2228A62E00B37801 /* AppDelegate.swift */; };
		A68CF2C22228A62E00B37801 /* ViewController.swift in Sources */ = {isa = PBXBuildFile; fileRef = A68CF2C12228A62E00B37801 /* ViewController.swift */; };
		A68CF2C52228A62E00B37801 /* Main.storyboard in Resources */ = {isa = PBXBuildFile; fileRef = A68CF2C32228A62E00B37801 /* Main.storyboard */; };
		A68CF2C72228A62E00B37801 /* Assets.xcassets in Resources */ = {isa = PBXBuildFile; fileRef = A68CF2C62228A62E00B37801 /* Assets.xcassets */; };
		A68CF2CA2228A62E00B37801 /* LaunchScreen.storyboard in Resources */ = {isa = PBXBuildFile; fileRef = A68CF2C82228A62E00B37801 /* LaunchScreen.storyboard */; };
		A68CF2D52228A62E00B37801 /* Remind_MeTests.swift in Sources */ = {isa = PBXBuildFile; fileRef = A68CF2D42228A62E00B37801 /* Remind_MeTests.swift */; };
		A68CF2E02228A62E00B37801 /* Remind_MeUITests.swift in Sources */ = {isa = PBXBuildFile; fileRef = A68CF2DF2228A62E00B37801 /* Remind_MeUITests.swift */; };
		A68CF2EE2228A8FC00B37801 /* Reminder.swift in Sources */ = {isa = PBXBuildFile; fileRef = A68CF2ED2228A8FC00B37801 /* Reminder.swift */; };
/* End PBXBuildFile section */

/* Begin PBXContainerItemProxy section */
		A68CF2D12228A62E00B37801 /* PBXContainerItemProxy */ = {
			isa = PBXContainerItemProxy;
			containerPortal = A68CF2B42228A62E00B37801 /* Project object */;
			proxyType = 1;
			remoteGlobalIDString = A68CF2BB2228A62E00B37801;
			remoteInfo = "Remind-Me";
		};
		A68CF2DC2228A62E00B37801 /* PBXContainerItemProxy */ = {
			isa = PBXContainerItemProxy;
			containerPortal = A68CF2B42228A62E00B37801 /* Project object */;
			proxyType = 1;
			remoteGlobalIDString = A68CF2BB2228A62E00B37801;
			remoteInfo = "Remind-Me";
		};
/* End PBXContainerItemProxy section */

/* Begin PBXFileReference section */
		A68CF2BC2228A62E00B37801 /* Remind-Me.app */ = {isa = PBXFileReference; explicitFileType = wrapper.application; includeInIndex = 0; path = "Remind-Me.app"; sourceTree = BUILT_PRODUCTS_DIR; };
		A68CF2BF2228A62E00B37801 /* AppDelegate.swift */ = {isa = PBXFileReference; lastKnownFileType = sourcecode.swift; path = AppDelegate.swift; sourceTree = "<group>"; };
		A68CF2C12228A62E00B37801 /* ViewController.swift */ = {isa = PBXFileReference; lastKnownFileType = sourcecode.swift; path = ViewController.swift; sourceTree = "<group>"; };
		A68CF2C42228A62E00B37801 /* Base */ = {isa = PBXFileReference; lastKnownFileType = file.storyboard; name = Base; path = Base.lproj/Main.storyboard; sourceTree = "<group>"; };
		A68CF2C62228A62E00B37801 /* Assets.xcassets */ = {isa = PBXFileReference; lastKnownFileType = folder.assetcatalog; path = Assets.xcassets; sourceTree = "<group>"; };
		A68CF2C92228A62E00B37801 /* Base */ = {isa = PBXFileReference; lastKnownFileType = file.storyboard; name = Base; path = Base.lproj/LaunchScreen.storyboard; sourceTree = "<group>"; };
		A68CF2CB2228A62E00B37801 /* Info.plist */ = {isa = PBXFileReference; lastKnownFileType = text.plist.xml; path = Info.plist; sourceTree = "<group>"; };
		A68CF2D02228A62E00B37801 /* Remind-MeTests.xctest */ = {isa = PBXFileReference; explicitFileType = wrapper.cfbundle; includeInIndex = 0; path = "Remind-MeTests.xctest"; sourceTree = BUILT_PRODUCTS_DIR; };
		A68CF2D42228A62E00B37801 /* Remind_MeTests.swift */ = {isa = PBXFileReference; lastKnownFileType = sourcecode.swift; path = Remind_MeTests.swift; sourceTree = "<group>"; };
		A68CF2D62228A62E00B37801 /* Info.plist */ = {isa = PBXFileReference; lastKnownFileType = text.plist.xml; path = Info.plist; sourceTree = "<group>"; };
		A68CF2DB2228A62E00B37801 /* Remind-MeUITests.xctest */ = {isa = PBXFileReference; explicitFileType = wrapper.cfbundle; includeInIndex = 0; path = "Remind-MeUITests.xctest"; sourceTree = BUILT_PRODUCTS_DIR; };
		A68CF2DF2228A62E00B37801 /* Remind_MeUITests.swift */ = {isa = PBXFileReference; lastKnownFileType = sourcecode.swift; path = Remind_MeUITests.swift; sourceTree = "<group>"; };
		A68CF2E12228A62E00B37801 /* Info.plist */ = {isa = PBXFileReference; lastKnownFileType = text.plist.xml; path = Info.plist; sourceTree = "<group>"; };
		A68CF2ED2228A8FC00B37801 /* Reminder.swift */ = {isa = PBXFileReference; lastKnownFileType = sourcecode.swift; path = Reminder.swift; sourceTree = "<group>"; };
/* End PBXFileReference section */

/* Begin PBXFrameworksBuildPhase section */
		A68CF2B92228A62E00B37801 /* Frameworks */ = {
			isa = PBXFrameworksBuildPhase;
			buildActionMask = 2147483647;
			files = (
			);
			runOnlyForDeploymentPostprocessing = 0;
		};
		A68CF2CD2228A62E00B37801 /* Frameworks */ = {
			isa = PBXFrameworksBuildPhase;
			buildActionMask = 2147483647;
			files = (
			);
			runOnlyForDeploymentPostprocessing = 0;
		};
		A68CF2D82228A62E00B37801 /* Frameworks */ = {
			isa = PBXFrameworksBuildPhase;
			buildActionMask = 2147483647;
			files = (
			);
			runOnlyForDeploymentPostprocessing = 0;
		};
/* End PBXFrameworksBuildPhase section */

/* Begin PBXGroup section */
		A68CF2B32228A62E00B37801 = {
			isa = PBXGroup;
			children = (
				A68CF2BE2228A62E00B37801 /* Remind-Me */,
				A68CF2D32228A62E00B37801 /* Remind-MeTests */,
				A68CF2DE2228A62E00B37801 /* Remind-MeUITests */,
				A68CF2BD2228A62E00B37801 /* Products */,
			);
			sourceTree = "<group>";
		};
		A68CF2BD2228A62E00B37801 /* Products */ = {
			isa = PBXGroup;
			children = (
				A68CF2BC2228A62E00B37801 /* Remind-Me.app */,
				A68CF2D02228A62E00B37801 /* Remind-MeTests.xctest */,
				A68CF2DB2228A62E00B37801 /* Remind-MeUITests.xctest */,
			);
			name = Products;
			sourceTree = "<group>";
		};
		A68CF2BE2228A62E00B37801 /* Remind-Me */ = {
			isa = PBXGroup;
			children = (
				A68CF2BF2228A62E00B37801 /* AppDelegate.swift */,
				A68CF2C12228A62E00B37801 /* ViewController.swift */,
				A68CF2ED2228A8FC00B37801 /* Reminder.swift */,
				A68CF2C32228A62E00B37801 /* Main.storyboard */,
				A68CF2C62228A62E00B37801 /* Assets.xcassets */,
				A68CF2C82228A62E00B37801 /* LaunchScreen.storyboard */,
				A68CF2CB2228A62E00B37801 /* Info.plist */,
			);
			path = "Remind-Me";
			sourceTree = "<group>";
		};
		A68CF2D32228A62E00B37801 /* Remind-MeTests */ = {
			isa = PBXGroup;
			children = (
				A68CF2D42228A62E00B37801 /* Remind_MeTests.swift */,
				A68CF2D62228A62E00B37801 /* Info.plist */,
			);
			path = "Remind-MeTests";
			sourceTree = "<group>";
		};
		A68CF2DE2228A62E00B37801 /* Remind-MeUITests */ = {
			isa = PBXGroup;
			children = (
				A68CF2DF2228A62E00B37801 /* Remind_MeUITests.swift */,
				A68CF2E12228A62E00B37801 /* Info.plist */,
			);
			path = "Remind-MeUITests";
			sourceTree = "<group>";
		};
/* End PBXGroup section */

/* Begin PBXNativeTarget section */
		A68CF2BB2228A62E00B37801 /* Remind-Me */ = {
			isa = PBXNativeTarget;
			buildConfigurationList = A68CF2E42228A62E00B37801 /* Build configuration list for PBXNativeTarget "Remind-Me" */;
			buildPhases = (
				A68CF2B82228A62E00B37801 /* Sources */,
				A68CF2B92228A62E00B37801 /* Frameworks */,
				A68CF2BA2228A62E00B37801 /* Resources */,
			);
			buildRules = (
			);
			dependencies = (
			);
			name = "Remind-Me";
			productName = "Remind-Me";
			productReference = A68CF2BC2228A62E00B37801 /* Remind-Me.app */;
			productType = "com.apple.product-type.application";
		};
		A68CF2CF2228A62E00B37801 /* Remind-MeTests */ = {
			isa = PBXNativeTarget;
			buildConfigurationList = A68CF2E72228A62E00B37801 /* Build configuration list for PBXNativeTarget "Remind-MeTests" */;
			buildPhases = (
				A68CF2CC2228A62E00B37801 /* Sources */,
				A68CF2CD2228A62E00B37801 /* Frameworks */,
				A68CF2CE2228A62E00B37801 /* Resources */,
			);
			buildRules = (
			);
			dependencies = (
				A68CF2D22228A62E00B37801 /* PBXTargetDependency */,
			);
			name = "Remind-MeTests";
			productName = "Remind-MeTests";
			productReference = A68CF2D02228A62E00B37801 /* Remind-MeTests.xctest */;
			productType = "com.apple.product-type.bundle.unit-test";
		};
		A68CF2DA2228A62E00B37801 /* Remind-MeUITests */ = {
			isa = PBXNativeTarget;
			buildConfigurationList = A68CF2EA2228A62E00B37801 /* Build configuration list for PBXNativeTarget "Remind-MeUITests" */;
			buildPhases = (
				A68CF2D72228A62E00B37801 /* Sources */,
				A68CF2D82228A62E00B37801 /* Frameworks */,
				A68CF2D92228A62E00B37801 /* Resources */,
			);
			buildRules = (
			);
			dependencies = (
				A68CF2DD2228A62E00B37801 /* PBXTargetDependency */,
			);
			name = "Remind-MeUITests";
			productName = "Remind-MeUITests";
			productReference = A68CF2DB2228A62E00B37801 /* Remind-MeUITests.xctest */;
			productType = "com.apple.product-type.bundle.ui-testing";
		};
/* End PBXNativeTarget section */

/* Begin PBXProject section */
		A68CF2B42228A62E00B37801 /* Project object */ = {
			isa = PBXProject;
			attributes = {
				LastSwiftUpdateCheck = 0910;
				LastUpgradeCheck = 0910;
				ORGANIZATIONNAME = "Isaiah X Smith";
				TargetAttributes = {
					A68CF2BB2228A62E00B37801 = {
						CreatedOnToolsVersion = 9.1;
						ProvisioningStyle = Automatic;
					};
					A68CF2CF2228A62E00B37801 = {
						CreatedOnToolsVersion = 9.1;
						ProvisioningStyle = Automatic;
						TestTargetID = A68CF2BB2228A62E00B37801;
					};
					A68CF2DA2228A62E00B37801 = {
						CreatedOnToolsVersion = 9.1;
						ProvisioningStyle = Automatic;
						TestTargetID = A68CF2BB2228A62E00B37801;
					};
				};
			};
			buildConfigurationList = A68CF2B72228A62E00B37801 /* Build configuration list for PBXProject "Remind-Me" */;
			compatibilityVersion = "Xcode 8.0";
			developmentRegion = en;
			hasScannedForEncodings = 0;
			knownRegions = (
				en,
				Base,
			);
			mainGroup = A68CF2B32228A62E00B37801;
			productRefGroup = A68CF2BD2228A62E00B37801 /* Products */;
			projectDirPath = "";
			projectRoot = "";
			targets = (
				A68CF2BB2228A62E00B37801 /* Remind-Me */,
				A68CF2CF2228A62E00B37801 /* Remind-MeTests */,
				A68CF2DA2228A62E00B37801 /* Remind-MeUITests */,
			);
		};
/* End PBXProject section */

/* Begin PBXResourcesBuildPhase section */
		A68CF2BA2228A62E00B37801 /* Resources */ = {
			isa = PBXResourcesBuildPhase;
			buildActionMask = 2147483647;
			files = (
				A68CF2CA2228A62E00B37801 /* LaunchScreen.storyboard in Resources */,
				A68CF2C72228A62E00B37801 /* Assets.xcassets in Resources */,
				A68CF2C52228A62E00B37801 /* Main.storyboard in Resources */,
			);
			runOnlyForDeploymentPostprocessing = 0;
		};
		A68CF2CE2228A62E00B37801 /* Resources */ = {
			isa = PBXResourcesBuildPhase;
			buildActionMask = 2147483647;
			files = (
			);
			runOnlyForDeploymentPostprocessing = 0;
		};
		A68CF2D92228A62E00B37801 /* Resources */ = {
			isa = PBXResourcesBuildPhase;
			buildActionMask = 2147483647;
			files = (
			);
			runOnlyForDeploymentPostprocessing = 0;
		};
/* End PBXResourcesBuildPhase section */

/* Begin PBXSourcesBuildPhase section */
		A68CF2B82228A62E00B37801 /* Sources */ = {
			isa = PBXSourcesBuildPhase;
			buildActionMask = 2147483647;
			files = (
				A68CF2EE2228A8FC00B37801 /* Reminder.swift in Sources */,
				A68CF2C22228A62E00B37801 /* ViewController.swift in Sources */,
				A68CF2C02228A62E00B37801 /* AppDelegate.swift in Sources */,
			);
			runOnlyForDeploymentPostprocessing = 0;
		};
		A68CF2CC2228A62E00B37801 /* Sources */ = {
			isa = PBXSourcesBuildPhase;
			buildActionMask = 2147483647;
			files = (
				A68CF2D52228A62E00B37801 /* Remind_MeTests.swift in Sources */,
			);
			runOnlyForDeploymentPostprocessing = 0;
		};
		A68CF2D72228A62E00B37801 /* Sources */ = {
			isa = PBXSourcesBuildPhase;
			buildActionMask = 2147483647;
			files = (
				A68CF2E02228A62E00B37801 /* Remind_MeUITests.swift in Sources */,
			);
			runOnlyForDeploymentPostprocessing = 0;
		};
/* End PBXSourcesBuildPhase section */

/* Begin PBXTargetDependency section */
		A68CF2D22228A62E00B37801 /* PBXTargetDependency */ = {
			isa = PBXTargetDependency;
			target = A68CF2BB2228A62E00B37801 /* Remind-Me */;
			targetProxy = A68CF2D12228A62E00B37801 /* PBXContainerItemProxy */;
		};
		A68CF2DD2228A62E00B37801 /* PBXTargetDependency */ = {
			isa = PBXTargetDependency;
			target = A68CF2BB2228A62E00B37801 /* Remind-Me */;
			targetProxy = A68CF2DC2228A62E00B37801 /* PBXContainerItemProxy */;
		};
/* End PBXTargetDependency section */

/* Begin PBXVariantGroup section */
		A68CF2C32228A62E00B37801 /* Main.storyboard */ = {
			isa = PBXVariantGroup;
			children = (
				A68CF2C42228A62E00B37801 /* Base */,
			);
			name = Main.storyboard;
			sourceTree = "<group>";
		};
		A68CF2C82228A62E00B37801 /* LaunchScreen.storyboard */ = {
			isa = PBXVariantGroup;
			children = (
				A68CF2C92228A62E00B37801 /* Base */,
			);
			name = LaunchScreen.storyboard;
			sourceTree = "<group>";
		};
/* End PBXVariantGroup section */

/* Begin XCBuildConfiguration section */
		A68CF2E22228A62E00B37801 /* Debug */ = {
			isa = XCBuildConfiguration;
			buildSettings = {
				ALWAYS_SEARCH_USER_PATHS = NO;
				CLANG_ANALYZER_NONNULL = YES;
				CLANG_ANALYZER_NUMBER_OBJECT_CONVERSION = YES_AGGRESSIVE;
				CLANG_CXX_LANGUAGE_STANDARD = "gnu++14";
				CLANG_CXX_LIBRARY = "libc++";
				CLANG_ENABLE_MODULES = YES;
				CLANG_ENABLE_OBJC_ARC = YES;
				CLANG_WARN_BLOCK_CAPTURE_AUTORELEASING = YES;
				CLANG_WARN_BOOL_CONVERSION = YES;
				CLANG_WARN_COMMA = YES;
				CLANG_WARN_CONSTANT_CONVERSION = YES;
				CLANG_WARN_DIRECT_OBJC_ISA_USAGE = YES_ERROR;
				CLANG_WARN_DOCUMENTATION_COMMENTS = YES;
				CLANG_WARN_EMPTY_BODY = YES;
				CLANG_WARN_ENUM_CONVERSION = YES;
				CLANG_WARN_INFINITE_RECURSION = YES;
				CLANG_WARN_INT_CONVERSION = YES;
				CLANG_WARN_NON_LITERAL_NULL_CONVERSION = YES;
				CLANG_WARN_OBJC_LITERAL_CONVERSION = YES;
				CLANG_WARN_OBJC_ROOT_CLASS = YES_ERROR;
				CLANG_WARN_RANGE_LOOP_ANALYSIS = YES;
				CLANG_WARN_STRICT_PROTOTYPES = YES;
				CLANG_WARN_SUSPICIOUS_MOVE = YES;
				CLANG_WARN_UNGUARDED_AVAILABILITY = YES_AGGRESSIVE;
				CLANG_WARN_UNREACHABLE_CODE = YES;
				CLANG_WARN__DUPLICATE_METHOD_MATCH = YES;
				CODE_SIGN_IDENTITY = "iPhone Developer";
				COPY_PHASE_STRIP = NO;
				DEBUG_INFORMATION_FORMAT = dwarf;
				ENABLE_STRICT_OBJC_MSGSEND = YES;
				ENABLE_TESTABILITY = YES;
				GCC_C_LANGUAGE_STANDARD = gnu11;
				GCC_DYNAMIC_NO_PIC = NO;
				GCC_NO_COMMON_BLOCKS = YES;
				GCC_OPTIMIZATION_LEVEL = 0;
				GCC_PREPROCESSOR_DEFINITIONS = (
					"DEBUG=1",
					"$(inherited)",
				);
				GCC_WARN_64_TO_32_BIT_CONVERSION = YES;
				GCC_WARN_ABOUT_RETURN_TYPE = YES_ERROR;
				GCC_WARN_UNDECLARED_SELECTOR = YES;
				GCC_WARN_UNINITIALIZED_AUTOS = YES_AGGRESSIVE;
				GCC_WARN_UNUSED_FUNCTION = YES;
				GCC_WARN_UNUSED_VARIABLE = YES;
				IPHONEOS_DEPLOYMENT_TARGET = 11.1;
				MTL_ENABLE_DEBUG_INFO = YES;
				ONLY_ACTIVE_ARCH = YES;
				SDKROOT = iphoneos;
				SWIFT_ACTIVE_COMPILATION_CONDITIONS = DEBUG;
				SWIFT_OPTIMIZATION_LEVEL = "-Onone";
			};
			name = Debug;
		};
		A68CF2E32228A62E00B37801 /* Release */ = {
			isa = XCBuildConfiguration;
			buildSettings = {
				ALWAYS_SEARCH_USER_PATHS = NO;
				CLANG_ANALYZER_NONNULL = YES;
				CLANG_ANALYZER_NUMBER_OBJECT_CONVERSION = YES_AGGRESSIVE;
				CLANG_CXX_LANGUAGE_STANDARD = "gnu++14";
				CLANG_CXX_LIBRARY = "libc++";
				CLANG_ENABLE_MODULES = YES;
				CLANG_ENABLE_OBJC_ARC = YES;
				CLANG_WARN_BLOCK_CAPTURE_AUTORELEASING = YES;
				CLANG_WARN_BOOL_CONVERSION = YES;
				CLANG_WARN_COMMA = YES;
				CLANG_WARN_CONSTANT_CONVERSION = YES;
				CLANG_WARN_DIRECT_OBJC_ISA_USAGE = YES_ERROR;
				CLANG_WARN_DOCUMENTATION_COMMENTS = YES;
				CLANG_WARN_EMPTY_BODY = YES;
				CLANG_WARN_ENUM_CONVERSION = YES;
				CLANG_WARN_INFINITE_RECURSION = YES;
				CLANG_WARN_INT_CONVERSION = YES;
				CLANG_WARN_NON_LITERAL_NULL_CONVERSION = YES;
				CLANG_WARN_OBJC_LITERAL_CONVERSION = YES;
				CLANG_WARN_OBJC_ROOT_CLASS = YES_ERROR;
				CLANG_WARN_RANGE_LOOP_ANALYSIS = YES;
				CLANG_WARN_STRICT_PROTOTYPES = YES;
				CLANG_WARN_SUSPICIOUS_MOVE = YES;
				CLANG_WARN_UNGUARDED_AVAILABILITY = YES_AGGRESSIVE;
				CLANG_WARN_UNREACHABLE_CODE = YES;
				CLANG_WARN__DUPLICATE_METHOD_MATCH = YES;
				CODE_SIGN_IDENTITY = "iPhone Developer";
				COPY_PHASE_STRIP = NO;
				DEBUG_INFORMATION_FORMAT = "dwarf-with-dsym";
				ENABLE_NS_ASSERTIONS = NO;
				ENABLE_STRICT_OBJC_MSGSEND = YES;
				GCC_C_LANGUAGE_STANDARD = gnu11;
				GCC_NO_COMMON_BLOCKS = YES;
				GCC_WARN_64_TO_32_BIT_CONVERSION = YES;
				GCC_WARN_ABOUT_RETURN_TYPE = YES_ERROR;
				GCC_WARN_UNDECLARED_SELECTOR = YES;
				GCC_WARN_UNINITIALIZED_AUTOS = YES_AGGRESSIVE;
				GCC_WARN_UNUSED_FUNCTION = YES;
				GCC_WARN_UNUSED_VARIABLE = YES;
				IPHONEOS_DEPLOYMENT_TARGET = 11.1;
				MTL_ENABLE_DEBUG_INFO = NO;
				SDKROOT = iphoneos;
				SWIFT_OPTIMIZATION_LEVEL = "-Owholemodule";
				VALIDATE_PRODUCT = YES;
			};
			name = Release;
		};
		A68CF2E52228A62E00B37801 /* Debug */ = {
			isa = XCBuildConfiguration;
			buildSettings = {
				ASSETCATALOG_COMPILER_APPICON_NAME = AppIcon;
				CODE_SIGN_STYLE = Automatic;
				INFOPLIST_FILE = "Remind-Me/Info.plist";
				LD_RUNPATH_SEARCH_PATHS = "$(inherited) @executable_path/Frameworks";
				PRODUCT_BUNDLE_IDENTIFIER = "something.Remind-Me";
				PRODUCT_NAME = "$(TARGET_NAME)";
				SWIFT_VERSION = 4.0;
				TARGETED_DEVICE_FAMILY = "1,2";
			};
			name = Debug;
		};
		A68CF2E62228A62E00B37801 /* Release */ = {
			isa = XCBuildConfiguration;
			buildSettings = {
				ASSETCATALOG_COMPILER_APPICON_NAME = AppIcon;
				CODE_SIGN_STYLE = Automatic;
				INFOPLIST_FILE = "Remind-Me/Info.plist";
				LD_RUNPATH_SEARCH_PATHS = "$(inherited) @executable_path/Frameworks";
				PRODUCT_BUNDLE_IDENTIFIER = "something.Remind-Me";
				PRODUCT_NAME = "$(TARGET_NAME)";
				SWIFT_VERSION = 4.0;
				TARGETED_DEVICE_FAMILY = "1,2";
			};
			name = Release;
		};
		A68CF2E82228A62E00B37801 /* Debug */ = {
			isa = XCBuildConfiguration;
			buildSettings = {
				ALWAYS_EMBED_SWIFT_STANDARD_LIBRARIES = YES;
				BUNDLE_LOADER = "$(TEST_HOST)";
				CODE_SIGN_STYLE = Automatic;
				INFOPLIST_FILE = "Remind-MeTests/Info.plist";
				LD_RUNPATH_SEARCH_PATHS = "$(inherited) @executable_path/Frameworks @loader_path/Frameworks";
				PRODUCT_BUNDLE_IDENTIFIER = "something.Remind-MeTests";
				PRODUCT_NAME = "$(TARGET_NAME)";
				SWIFT_VERSION = 4.0;
				TARGETED_DEVICE_FAMILY = "1,2";
				TEST_HOST = "$(BUILT_PRODUCTS_DIR)/Remind-Me.app/Remind-Me";
			};
			name = Debug;
		};
		A68CF2E92228A62E00B37801 /* Release */ = {
			isa = XCBuildConfiguration;
			buildSettings = {
				ALWAYS_EMBED_SWIFT_STANDARD_LIBRARIES = YES;
				BUNDLE_LOADER = "$(TEST_HOST)";
				CODE_SIGN_STYLE = Automatic;
				INFOPLIST_FILE = "Remind-MeTests/Info.plist";
				LD_RUNPATH_SEARCH_PATHS = "$(inherited) @executable_path/Frameworks @loader_path/Frameworks";
				PRODUCT_BUNDLE_IDENTIFIER = "something.Remind-MeTests";
				PRODUCT_NAME = "$(TARGET_NAME)";
				SWIFT_VERSION = 4.0;
				TARGETED_DEVICE_FAMILY = "1,2";
				TEST_HOST = "$(BUILT_PRODUCTS_DIR)/Remind-Me.app/Remind-Me";
			};
			name = Release;
		};
		A68CF2EB2228A62E00B37801 /* Debug */ = {
			isa = XCBuildConfiguration;
			buildSettings = {
				ALWAYS_EMBED_SWIFT_STANDARD_LIBRARIES = YES;
				CODE_SIGN_STYLE = Automatic;
				INFOPLIST_FILE = "Remind-MeUITests/Info.plist";
				LD_RUNPATH_SEARCH_PATHS = "$(inherited) @executable_path/Frameworks @loader_path/Frameworks";
				PRODUCT_BUNDLE_IDENTIFIER = "something.Remind-MeUITests";
				PRODUCT_NAME = "$(TARGET_NAME)";
				SWIFT_VERSION = 4.0;
				TARGETED_DEVICE_FAMILY = "1,2";
				TEST_TARGET_NAME = "Remind-Me";
			};
			name = Debug;
		};
		A68CF2EC2228A62E00B37801 /* Release */ = {
			isa = XCBuildConfiguration;
			buildSettings = {
				ALWAYS_EMBED_SWIFT_STANDARD_LIBRARIES = YES;
				CODE_SIGN_STYLE = Automatic;
				INFOPLIST_FILE = "Remind-MeUITests/Info.plist";
				LD_RUNPATH_SEARCH_PATHS = "$(inherited) @executable_path/Frameworks @loader_path/Frameworks";
				PRODUCT_BUNDLE_IDENTIFIER = "something.Remind-MeUITests";
				PRODUCT_NAME = "$(TARGET_NAME)";
				SWIFT_VERSION = 4.0;
				TARGETED_DEVICE_FAMILY = "1,2";
				TEST_TARGET_NAME = "Remind-Me";
			};
			name = Release;
		};
/* End XCBuildConfiguration section */

/* Begin XCConfigurationList section */
		A68CF2B72228A62E00B37801 /* Build configuration list for PBXProject "Remind-Me" */ = {
			isa = XCConfigurationList;
			buildConfigurations = (
				A68CF2E22228A62E00B37801 /* Debug */,
				A68CF2E32228A62E00B37801 /* Release */,
			);
			defaultConfigurationIsVisible = 0;
			defaultConfigurationName = Release;
		};
		A68CF2E42228A62E00B37801 /* Build configuration list for PBXNativeTarget "Remind-Me" */ = {
			isa = XCConfigurationList;
			buildConfigurations = (
				A68CF2E52228A62E00B37801 /* Debug */,
				A68CF2E62228A62E00B37801 /* Release */,
			);
			defaultConfigurationIsVisible = 0;
			defaultConfigurationName = Release;
		};
		A68CF2E72228A62E00B37801 /* Build configuration list for PBXNativeTarget "Remind-MeTests" */ = {
			isa = XCConfigurationList;
			buildConfigurations = (
				A68CF2E82228A62E00B37801 /* Debug */,
				A68CF2E92228A62E00B37801 /* Release */,
			);
			defaultConfigurationIsVisible = 0;
			defaultConfigurationName = Release;
		};
		A68CF2EA2228A62E00B37801 /* Build configuration list for PBXNativeTarget "Remind-MeUITests" */ = {
			isa = XCConfigurationList;
			buildConfigurations = (
				A68CF2EB2228A62E00B37801 /* Debug */,
				A68CF2EC2228A62E00B37801 /* Release */,
			);
			defaultConfigurationIsVisible = 0;
			defaultConfigurationName = Release;
		};
/* End XCConfigurationList section */
	};
	rootObject = A68CF2B42228A62E00B37801 /* Project object */;
}
